{
  "nodes": {
    "home-manager": {
      "inputs": {
        "nixpkgs": "nixpkgs"
      },
      "locked": {
        "lastModified": 1611422785,
        "narHash": "sha256-6XylW5uQ/Hr2BkmOFzLdBxE8qSQNtoWL60LcpCl3Qcw=",
        "owner": "nix-community",
        "repo": "home-manager",
        "rev": "c137866bd7d2a9c2010b618252694f395453cf59",
        "type": "github"
      },
      "original": {
        "owner": "nix-community",
        "ref": "master",
        "repo": "home-manager",
        "type": "github"
      }
    },
    "neuron": {
      "flake": false,
      "locked": {
        "lastModified": 1608519197,
        "narHash": "sha256-fCZIDGSuKd54L7QpyOxMdg0CE/EZl7a7wKktfnkxdnM=",
        "owner": "srid",
        "repo": "neuron",
        "rev": "ac7ca41bf509279eb1388ac80f39f6cf58bb1aa1",
        "type": "github"
      },
      "original": {
        "owner": "srid",
        "ref": "master",
        "repo": "neuron",
        "type": "github"
      }
    },
    "nixpkgs": {
      "locked": {
        "lastModified": 1611583389,
        "narHash": "sha256-7Tyvu0cIAuyVgngMh9aoDpGtZcwP1ZGq1IMnjjRvw0g=",
        "owner": "NixOS",
        "repo": "nixpkgs",
        "rev": "508aacd58928ce49c9670813136fab5d6b6c0749",
        "type": "github"
      },
      "original": {
        "id": "nixpkgs",
        "type": "indirect"
      }
    },
    "nixpkgs_2": {
      "locked": {
        "lastModified": 1611219034,
        "narHash": "sha256-bgp8G3LcpvKs22/z5Cj4XQkmZq05Aa0vaP1bKl7X0zM=",
        "owner": "NixOS",
        "repo": "nixpkgs",
        "rev": "f217c0ea7c148ddc0103347051555c7c252dcafb",
        "type": "github"
      },
      "original": {
        "owner": "NixOS",
        "ref": "nixos-unstable",
        "repo": "nixpkgs",
        "type": "github"
      }
    },
    "root": {
      "inputs": {
        "home-manager": "home-manager",
        "neuron": "neuron",
        "nixpkgs": "nixpkgs_2"
      }
    }
  },
  "root": "root",
  "version": 7
}
