{
  "nodes": {
    "home-manager": {
      "inputs": {
        "nixpkgs": "nixpkgs"
      },
      "locked": {
        "lastModified": 1602339342,
        "narHash": "sha256-Qh+BDMfBmMSnhEhXSyF539aKGUGbq1IKBmtghiG/VhY=",
        "owner": "nix-community",
        "repo": "home-manager",
        "rev": "b5847455066d0191cebd6b140531cc154443e316",
        "type": "github"
      },
      "original": {
        "owner": "nix-community",
        "ref": "master",
        "repo": "home-manager",
        "type": "github"
      }
    },
    "neuron": {
      "flake": false,
      "locked": {
        "lastModified": 1602434456,
        "narHash": "sha256-3petAJBMiJk52xEl4b0W/oyYRHySbYpfB5CoWdv4Adw=",
        "owner": "srid",
        "repo": "neuron",
        "rev": "a33ccad0b84bef9dc1c06ccd913f0e5d4724881c",
        "type": "github"
      },
      "original": {
        "owner": "srid",
        "ref": "master",
        "repo": "neuron",
        "type": "github"
      }
    },
    "nixpkgs": {
      "locked": {
        "lastModified": 1602362665,
        "narHash": "sha256-XwCbKiEsKFS1UQBwjKKdNknSSGWMMAMObVbyr+/JF2Q=",
        "owner": "NixOS",
        "repo": "nixpkgs",
        "rev": "2e087fe0d968d51ce61521b43a121a662c5a5edf",
        "type": "github"
      },
      "original": {
        "id": "nixpkgs",
        "type": "indirect"
      }
    },
    "nixpkgs_2": {
      "locked": {
        "lastModified": 1602066138,
        "narHash": "sha256-aV0PWKhVYQNLQuFW2qfBXa3JWmPPKSHFJ65ac83JMzE=",
        "owner": "NixOS",
        "repo": "nixpkgs",
        "rev": "420f89ceb267b461eed5d025b6c3c0e57703cc5c",
        "type": "github"
      },
      "original": {
        "owner": "NixOS",
        "ref": "nixos-unstable",
        "repo": "nixpkgs",
        "type": "github"
      }
    },
    "root": {
      "inputs": {
        "home-manager": "home-manager",
        "neuron": "neuron",
        "nixpkgs": "nixpkgs_2"
      }
    }
  },
  "root": "root",
  "version": 7
}
