{
  "nodes": {
    "home-manager": {
      "inputs": {
        "nixpkgs": "nixpkgs"
      },
      "locked": {
        "lastModified": 1604628022,
        "narHash": "sha256-zCbTh91NBQdGRtO+GZxfKnmRjp+4rOQ2B8wtNpVcxgs=",
        "owner": "nix-community",
        "repo": "home-manager",
        "rev": "4cc1b77c3fc4f4b3bc61921dda72663eea962fa3",
        "type": "github"
      },
      "original": {
        "owner": "nix-community",
        "ref": "master",
        "repo": "home-manager",
        "type": "github"
      }
    },
    "neuron": {
      "flake": false,
      "locked": {
        "lastModified": 1602434456,
        "narHash": "sha256-3petAJBMiJk52xEl4b0W/oyYRHySbYpfB5CoWdv4Adw=",
        "owner": "srid",
        "repo": "neuron",
        "rev": "a33ccad0b84bef9dc1c06ccd913f0e5d4724881c",
        "type": "github"
      },
      "original": {
        "owner": "srid",
        "ref": "master",
        "repo": "neuron",
        "type": "github"
      }
    },
    "nixpkgs": {
      "locked": {
        "lastModified": 1605198540,
        "narHash": "sha256-NU+7F7wUsjOYGCNOkqlqjselv84hjGtxZsXsYX+2Nhk=",
        "owner": "NixOS",
        "repo": "nixpkgs",
        "rev": "96ba24cb533da2ba78a46ebb37c0d9401bac0bbd",
        "type": "github"
      },
      "original": {
        "id": "nixpkgs",
        "type": "indirect"
      }
    },
    "nixpkgs_2": {
      "locked": {
        "lastModified": 1604937552,
        "narHash": "sha256-jT1VSLaUtZwx1JXOwEqzf+G6OIVcg9gJd+h0DqRGJvs=",
        "owner": "NixOS",
        "repo": "nixpkgs",
        "rev": "b839d4a8557adc80e522f674529e586ab2a88d23",
        "type": "github"
      },
      "original": {
        "owner": "NixOS",
        "ref": "nixos-unstable",
        "repo": "nixpkgs",
        "type": "github"
      }
    },
    "root": {
      "inputs": {
        "home-manager": "home-manager",
        "neuron": "neuron",
        "nixpkgs": "nixpkgs_2"
      }
    }
  },
  "root": "root",
  "version": 7
}
